
Microsoft Visual Studio Solution File, Format Version 12.00
# Visual Studio Version 16
VisualStudioVersion = 16.0.30509.190
MinimumVisualStudioVersion = 10.0.40219.1
Project("{FAE04EC0-301F-11D3-BF4B-00C04F79EFBC}") = "ConsoleApp1", "ConsoleApp1\ConsoleApp1.csproj", "{8AD3CB2F-C658-4279-A2EA-442B358919DC}"
EndProject
Project("{FAE04EC0-301F-11D3-BF4B-00C04F79EFBC}") = "解耦合", "解耦合\解耦合.csproj", "{5B9E4616-BFCC-4B2B-8995-9BD39F435DBD}"
EndProject
Global
	GlobalSection(SolutionConfigurationPlatforms) = preSolution
		Debug|Any CPU = Debug|Any CPU
		Release|Any CPU = Release|Any CPU
	EndGlobalSection
	GlobalSection(ProjectConfigurationPlatforms) = postSolution
		{8AD3CB2F-C658-4279-A2EA-442B358919DC}.Debug|Any CPU.ActiveCfg = Debug|Any CPU
		{8AD3CB2F-C658-4279-A2EA-442B358919DC}.Debug|Any CPU.Build.0 = Debug|Any CPU
		{8AD3CB2F-C658-4279-A2EA-442B358919DC}.Release|Any CPU.ActiveCfg = Release|Any CPU
		{8AD3CB2F-C658-4279-A2EA-442B358919DC}.Release|Any CPU.Build.0 = Release|Any CPU
		{5B9E4616-BFCC-4B2B-8995-9BD39F435DBD}.Debug|Any CPU.ActiveCfg = Debug|Any CPU
		{5B9E4616-BFCC-4B2B-8995-9BD39F435DBD}.Debug|Any CPU.Build.0 = Debug|Any CPU
		{5B9E4616-BFCC-4B2B-8995-9BD39F435DBD}.Release|Any CPU.ActiveCfg = Release|Any CPU
		{5B9E4616-BFCC-4B2B-8995-9BD39F435DBD}.Release|Any CPU.Build.0 = Release|Any CPU
	EndGlobalSection
	GlobalSection(SolutionProperties) = preSolution
		HideSolutionNode = FALSE
	EndGlobalSection
	GlobalSection(ExtensibilityGlobals) = postSolution
		SolutionGuid = {CBC9CDBE-688F-4AE9-8A15-6EA95C72A04A}
	EndGlobalSection
EndGlobal
